
Microsoft Visual Studio Solution File, Format Version 12.00
# Visual Studio Version 16
VisualStudioVersion = 16.0.30523.141
MinimumVisualStudioVersion = 10.0.40219.1
Project("{FAE04EC0-301F-11D3-BF4B-00C04F79EFBC}") = "Hilos_3", "Hilos_3\Hilos_3.csproj", "{AE21E84E-71AD-4CEF-B555-7F4A5E68686C}"
EndProject
Global
	GlobalSection(SolutionConfigurationPlatforms) = preSolution
		Debug|Any CPU = Debug|Any CPU
		Release|Any CPU = Release|Any CPU
	EndGlobalSection
	GlobalSection(ProjectConfigurationPlatforms) = postSolution
		{AE21E84E-71AD-4CEF-B555-7F4A5E68686C}.Debug|Any CPU.ActiveCfg = Debug|Any CPU
		{AE21E84E-71AD-4CEF-B555-7F4A5E68686C}.Debug|Any CPU.Build.0 = Debug|Any CPU
		{AE21E84E-71AD-4CEF-B555-7F4A5E68686C}.Release|Any CPU.ActiveCfg = Release|Any CPU
		{AE21E84E-71AD-4CEF-B555-7F4A5E68686C}.Release|Any CPU.Build.0 = Release|Any CPU
	EndGlobalSection
	GlobalSection(SolutionProperties) = preSolution
		HideSolutionNode = FALSE
	EndGlobalSection
	GlobalSection(ExtensibilityGlobals) = postSolution
		SolutionGuid = {89686EAA-377F-42B2-A1A2-4AC113C48D39}
	EndGlobalSection
EndGlobal
